{
  "name": "chirindo-conformance-verify-harness",
  "version": "0.0.0",
  "lockfileVersion": 3,
  "requires": true,
  "packages": {
    "": {
      "name": "chirindo-conformance-verify-harness",
      "version": "0.0.0",
      "devDependencies": {
        "@truestamp/canonify": "2.1.0"
      }
    },
    "node_modules/@truestamp/canonify": {
      "version": "2.1.0",
      "resolved": "https://registry.npmjs.org/@truestamp/canonify/-/canonify-2.1.0.tgz",
      "integrity": "sha512-j9GsioYlfLrZmPfkhLCsPMdhsa6CaXHOkERwEU+Ax2o7JL3ZvtD5PfPj1sDsacvDoG2W/Sx99wkIWPLa0gNN5w==",
      "dev": true,
      "license": "MIT License"
    }
  }
}
